
Microsoft Visual Studio Solution File, Format Version 12.00
# Visual Studio 15
VisualStudioVersion = 15.0.27703.2047
MinimumVisualStudioVersion = 10.0.40219.1
Project("{9A19103F-16F7-4668-BE54-9A1E7A4F7556}") = "SimplyTyped", "SimplyTyped\SimplyTyped.csproj", "{5C689B45-F9FA-4E51-BBF0-5EAABC11E973}"
EndProject
Project("{9A19103F-16F7-4668-BE54-9A1E7A4F7556}") = "tester", "tester\tester.csproj", "{A17643EE-A14A-47DE-9527-70C42FC3B072}"
EndProject
Project("{9A19103F-16F7-4668-BE54-9A1E7A4F7556}") = "SimplyTyped.Core", "SimplyTyped.Core\SimplyTyped.Core.csproj", "{37D18E1F-AA00-493F-8BAE-0D8DE1A33916}"
EndProject
Project("{FAE04EC0-301F-11D3-BF4B-00C04F79EFBC}") = "SimplyTyped.MessagePack", "SimplyTyped.MessagePack\SimplyTyped.MessagePack.csproj", "{A77A783E-A156-44B4-9C5A-8EDF8DC07D0A}"
EndProject
Global
	GlobalSection(SolutionConfigurationPlatforms) = preSolution
		Debug|Any CPU = Debug|Any CPU
		Release|Any CPU = Release|Any CPU
	EndGlobalSection
	GlobalSection(ProjectConfigurationPlatforms) = postSolution
		{5C689B45-F9FA-4E51-BBF0-5EAABC11E973}.Debug|Any CPU.ActiveCfg = Debug|Any CPU
		{5C689B45-F9FA-4E51-BBF0-5EAABC11E973}.Debug|Any CPU.Build.0 = Debug|Any CPU
		{5C689B45-F9FA-4E51-BBF0-5EAABC11E973}.Release|Any CPU.ActiveCfg = Release|Any CPU
		{5C689B45-F9FA-4E51-BBF0-5EAABC11E973}.Release|Any CPU.Build.0 = Release|Any CPU
		{A17643EE-A14A-47DE-9527-70C42FC3B072}.Debug|Any CPU.ActiveCfg = Debug|Any CPU
		{A17643EE-A14A-47DE-9527-70C42FC3B072}.Debug|Any CPU.Build.0 = Debug|Any CPU
		{A17643EE-A14A-47DE-9527-70C42FC3B072}.Release|Any CPU.ActiveCfg = Release|Any CPU
		{A17643EE-A14A-47DE-9527-70C42FC3B072}.Release|Any CPU.Build.0 = Release|Any CPU
		{37D18E1F-AA00-493F-8BAE-0D8DE1A33916}.Debug|Any CPU.ActiveCfg = Debug|Any CPU
		{37D18E1F-AA00-493F-8BAE-0D8DE1A33916}.Debug|Any CPU.Build.0 = Debug|Any CPU
		{37D18E1F-AA00-493F-8BAE-0D8DE1A33916}.Release|Any CPU.ActiveCfg = Release|Any CPU
		{37D18E1F-AA00-493F-8BAE-0D8DE1A33916}.Release|Any CPU.Build.0 = Release|Any CPU
		{A77A783E-A156-44B4-9C5A-8EDF8DC07D0A}.Debug|Any CPU.ActiveCfg = Debug|Any CPU
		{A77A783E-A156-44B4-9C5A-8EDF8DC07D0A}.Debug|Any CPU.Build.0 = Debug|Any CPU
		{A77A783E-A156-44B4-9C5A-8EDF8DC07D0A}.Release|Any CPU.ActiveCfg = Release|Any CPU
		{A77A783E-A156-44B4-9C5A-8EDF8DC07D0A}.Release|Any CPU.Build.0 = Release|Any CPU
	EndGlobalSection
	GlobalSection(SolutionProperties) = preSolution
		HideSolutionNode = FALSE
	EndGlobalSection
	GlobalSection(ExtensibilityGlobals) = postSolution
		SolutionGuid = {D6476868-E4B6-40D1-9526-6BFF0E4DA468}
	EndGlobalSection
EndGlobal
